<?xml version="1.0" encoding="utf-8"?>
<Project ToolsVersion="4.0" xmlns="http://schemas.microsoft.com/developer/msbuild/2003">
  <ItemGroup>
    <Filter Include="소스 파일">
      <UniqueIdentifier>{4FC737F1-C7A5-4376-A066-2A32D752A2FF}</UniqueIdentifier>
      <Extensions>cpp;c;cc;cxx;c++;cppm;ixx;def;odl;idl;hpj;bat;asm;asmx</Extensions>
    </Filter>
    <Filter Include="헤더 파일">
      <UniqueIdentifier>{93995380-89BD-4b04-88EB-625FBE52EBFB}</UniqueIdentifier>
      <Extensions>h;hh;hpp;hxx;h++;hm;inl;inc;ipp;xsd</Extensions>
    </Filter>
    <Filter Include="Transactions">
      <UniqueIdentifier>{bd8edd57-e1b0-4921-abc2-185f2fb7aa38}</UniqueIdentifier>
    </Filter>
    <Filter Include="Classification">
      <UniqueIdentifier>{25ce62a0-3611-4f86-bd76-d353668084a4}</UniqueIdentifier>
    </Filter>
    <Filter Include="Schedules">
      <UniqueIdentifier>{ff7b93d1-c4f0-4150-80f9-456b4d0e06c3}</UniqueIdentifier>
    </Filter>
    <Filter Include="Methods">
      <UniqueIdentifier>{ccb6089c-7001-4116-98be-e9970f88a290}</UniqueIdentifier>
    </Filter>
    <Filter Include="Transactions\AddEmployee">
      <UniqueIdentifier>{5177a88b-532e-4b14-863a-1cda72f2fb4e}</UniqueIdentifier>
    </Filter>
    <Filter Include="Transactions\DeleteEmployee">
      <UniqueIdentifier>{7db97b6d-0150-418a-9a12-47f9e8bb6657}</UniqueIdentifier>
    </Filter>
    <Filter Include="Types">
      <UniqueIdentifier>{b1f3dd21-ed42-4cb9-8f78-71362bbfd91e}</UniqueIdentifier>
    </Filter>
    <Filter Include="Affiliation">
      <UniqueIdentifier>{f31e26a7-1bc0-4ef2-98a2-da85c2868c92}</UniqueIdentifier>
    </Filter>
  </ItemGroup>
  <ItemGroup>
    <ClCompile Include="CleanSoftwarePractice.cpp">
      <Filter>소스 파일</Filter>
    </ClCompile>
    <ClCompile Include="PayrollTest.cpp">
      <Filter>소스 파일</Filter>
    </ClCompile>
    <ClCompile Include="PayrollDatabase.cpp">
      <Filter>소스 파일</Filter>
    </ClCompile>
    <ClCompile Include="Employee.cpp">
      <Filter>소스 파일</Filter>
    </ClCompile>
    <ClCompile Include="Transaction.cpp">
      <Filter>Transactions</Filter>
    </ClCompile>
    <ClCompile Include="PaymentMethod.cpp">
      <Filter>Methods</Filter>
    </ClCompile>
    <ClCompile Include="SalariedClassification.cpp">
      <Filter>Classification</Filter>
    </ClCompile>
    <ClCompile Include="PaymentClassification.cpp">
      <Filter>Classification</Filter>
    </ClCompile>
    <ClCompile Include="PaymentSchedule.cpp">
      <Filter>Schedules</Filter>
    </ClCompile>
    <ClCompile Include="MonthlySchedule.cpp">
      <Filter>Schedules</Filter>
    </ClCompile>
    <ClCompile Include="HoldMethod.cpp">
      <Filter>Methods</Filter>
    </ClCompile>
    <ClCompile Include="WeeklySchedule.cpp">
      <Filter>Schedules</Filter>
    </ClCompile>
    <ClCompile Include="BiweeklySchedule.cpp">
      <Filter>Schedules</Filter>
    </ClCompile>
    <ClCompile Include="HourlyClassification.cpp">
      <Filter>Classification</Filter>
    </ClCompile>
    <ClCompile Include="CommissionedClassification.cpp">
      <Filter>Classification</Filter>
    </ClCompile>
    <ClCompile Include="TimeCardTransaction.cpp">
      <Filter>Transactions</Filter>
    </ClCompile>
    <ClCompile Include="AddEmployeeTransaction.cpp">
      <Filter>Transactions\AddEmployee</Filter>
    </ClCompile>
    <ClCompile Include="AddHourlyEmployee.cpp">
      <Filter>Transactions\AddEmployee</Filter>
    </ClCompile>
    <ClCompile Include="AddSalariedEmployee.cpp">
      <Filter>Transactions\AddEmployee</Filter>
    </ClCompile>
    <ClCompile Include="DeleteEmployeeTransaction.cpp">
      <Filter>Transactions\DeleteEmployee</Filter>
    </ClCompile>
    <ClCompile Include="SalesReceiptTransaction.cpp">
      <Filter>Transactions</Filter>
    </ClCompile>
    <ClCompile Include="TimeCard.cpp">
      <Filter>Types</Filter>
    </ClCompile>
    <ClCompile Include="SalesReceipt.cpp">
      <Filter>Types</Filter>
    </ClCompile>
    <ClCompile Include="UnionAffiliation.cpp">
      <Filter>Affiliation</Filter>
    </ClCompile>
    <ClCompile Include="Affiliation.cpp">
      <Filter>Affiliation</Filter>
    </ClCompile>
    <ClCompile Include="AddCommissionedEmployee.cpp">
      <Filter>Transactions\AddEmployee</Filter>
    </ClCompile>
    <ClCompile Include="ServiceChargeTransaction.cpp">
      <Filter>Transactions</Filter>
    </ClCompile>
    <ClCompile Include="ServiceCharge.cpp">
      <Filter>Types</Filter>
    </ClCompile>
  </ItemGroup>
  <ItemGroup>
    <ClInclude Include="PayrollTest.h">
      <Filter>헤더 파일</Filter>
    </ClInclude>
    <ClInclude Include="PayrollDatabase.h">
      <Filter>헤더 파일</Filter>
    </ClInclude>
    <ClInclude Include="Employee.h">
      <Filter>헤더 파일</Filter>
    </ClInclude>
    <ClInclude Include="Transaction.h">
      <Filter>Transactions</Filter>
    </ClInclude>
    <ClInclude Include="PaymentMethod.h">
      <Filter>Methods</Filter>
    </ClInclude>
    <ClInclude Include="SalariedClassification.h">
      <Filter>Classification</Filter>
    </ClInclude>
    <ClInclude Include="PaymentClassification.h">
      <Filter>Classification</Filter>
    </ClInclude>
    <ClInclude Include="PaymentSchedule.h">
      <Filter>Schedules</Filter>
    </ClInclude>
    <ClInclude Include="MonthlySchedule.h">
      <Filter>Schedules</Filter>
    </ClInclude>
    <ClInclude Include="HoldMethod.h">
      <Filter>Methods</Filter>
    </ClInclude>
    <ClInclude Include="WeeklySchedule.h">
      <Filter>Schedules</Filter>
    </ClInclude>
    <ClInclude Include="BiweeklySchedule.h">
      <Filter>Schedules</Filter>
    </ClInclude>
    <ClInclude Include="HourlyClassification.h">
      <Filter>Classification</Filter>
    </ClInclude>
    <ClInclude Include="CommissionedClassification.h">
      <Filter>Classification</Filter>
    </ClInclude>
    <ClInclude Include="TimeCardTransaction.h">
      <Filter>Transactions</Filter>
    </ClInclude>
    <ClInclude Include="resource.h">
      <Filter>헤더 파일</Filter>
    </ClInclude>
    <ClInclude Include="AddEmployeeTransaction.h">
      <Filter>Transactions\AddEmployee</Filter>
    </ClInclude>
    <ClInclude Include="AddHourlyEmployee.h">
      <Filter>Transactions\AddEmployee</Filter>
    </ClInclude>
    <ClInclude Include="AddSalariedEmployee.h">
      <Filter>Transactions\AddEmployee</Filter>
    </ClInclude>
    <ClInclude Include="DeleteEmployeeTransaction.h">
      <Filter>Transactions\DeleteEmployee</Filter>
    </ClInclude>
    <ClInclude Include="SalesReceiptTransaction.h">
      <Filter>Transactions</Filter>
    </ClInclude>
    <ClInclude Include="TimeCard.h">
      <Filter>Types</Filter>
    </ClInclude>
    <ClInclude Include="SalesReceipt.h">
      <Filter>Types</Filter>
    </ClInclude>
    <ClInclude Include="resource1.h">
      <Filter>헤더 파일</Filter>
    </ClInclude>
    <ClInclude Include="UnionAffiliation.h">
      <Filter>Affiliation</Filter>
    </ClInclude>
    <ClInclude Include="Affiliation.h">
      <Filter>Affiliation</Filter>
    </ClInclude>
    <ClInclude Include="AddCommissionedEmployee.h">
      <Filter>Transactions\AddEmployee</Filter>
    </ClInclude>
    <ClInclude Include="ServiceChargeTransaction.h">
      <Filter>Transactions</Filter>
    </ClInclude>
    <ClInclude Include="ServiceCharge.h">
      <Filter>Types</Filter>
    </ClInclude>
  </ItemGroup>
  <ItemGroup>
    <ResourceCompile Include="CleanSoftwarePractice1.rc" />
  </ItemGroup>
</Project>