<?xml version="1.0" encoding="utf-8"?>
<Project ToolsVersion="4.0" xmlns="http://schemas.microsoft.com/developer/msbuild/2003">
  <ItemGroup>
    <Filter Include="소스 파일">
      <UniqueIdentifier>{4FC737F1-C7A5-4376-A066-2A32D752A2FF}</UniqueIdentifier>
      <Extensions>cpp;c;cc;cxx;c++;cppm;ixx;def;odl;idl;hpj;bat;asm;asmx</Extensions>
    </Filter>
    <Filter Include="헤더 파일">
      <UniqueIdentifier>{93995380-89BD-4b04-88EB-625FBE52EBFB}</UniqueIdentifier>
      <Extensions>h;hh;hpp;hxx;h++;hm;inl;inc;ipp;xsd</Extensions>
    </Filter>
    <Filter Include="리소스 파일">
      <UniqueIdentifier>{67DA6AB6-F800-4c08-8B7A-83BB121AAD01}</UniqueIdentifier>
      <Extensions>rc;ico;cur;bmp;dlg;rc2;rct;bin;rgs;gif;jpg;jpeg;jpe;resx;tiff;tif;png;wav;mfcribbon-ms</Extensions>
    </Filter>
    <Filter Include="Transactions">
      <UniqueIdentifier>{bd8edd57-e1b0-4921-abc2-185f2fb7aa38}</UniqueIdentifier>
    </Filter>
    <Filter Include="Classification">
      <UniqueIdentifier>{25ce62a0-3611-4f86-bd76-d353668084a4}</UniqueIdentifier>
    </Filter>
    <Filter Include="Schedules">
      <UniqueIdentifier>{ff7b93d1-c4f0-4150-80f9-456b4d0e06c3}</UniqueIdentifier>
    </Filter>
    <Filter Include="Methods">
      <UniqueIdentifier>{ccb6089c-7001-4116-98be-e9970f88a290}</UniqueIdentifier>
    </Filter>
  </ItemGroup>
  <ItemGroup>
    <ClCompile Include="CleanSoftwarePractice.cpp">
      <Filter>소스 파일</Filter>
    </ClCompile>
    <ClCompile Include="PayrollTest.cpp">
      <Filter>소스 파일</Filter>
    </ClCompile>
    <ClCompile Include="PayrollDatabase.cpp">
      <Filter>소스 파일</Filter>
    </ClCompile>
    <ClCompile Include="Employee.cpp">
      <Filter>소스 파일</Filter>
    </ClCompile>
    <ClCompile Include="Transaction.cpp">
      <Filter>Transactions</Filter>
    </ClCompile>
    <ClCompile Include="AddEmployeeTransaction.cpp">
      <Filter>Transactions</Filter>
    </ClCompile>
    <ClCompile Include="PaymentMethod.cpp">
      <Filter>Methods</Filter>
    </ClCompile>
    <ClCompile Include="SalariedClassification.cpp">
      <Filter>Classification</Filter>
    </ClCompile>
    <ClCompile Include="PaymentClassification.cpp">
      <Filter>Classification</Filter>
    </ClCompile>
    <ClCompile Include="PaymentSchedule.cpp">
      <Filter>Schedules</Filter>
    </ClCompile>
    <ClCompile Include="MonthlySchedule.cpp">
      <Filter>Schedules</Filter>
    </ClCompile>
    <ClCompile Include="HoldMethod.cpp">
      <Filter>Methods</Filter>
    </ClCompile>
    <ClCompile Include="AddSalariedEmployee.cpp">
      <Filter>Transactions</Filter>
    </ClCompile>
    <ClCompile Include="AddHourlyEmployee.cpp">
      <Filter>Transactions</Filter>
    </ClCompile>
    <ClCompile Include="WeeklySchedule.cpp">
      <Filter>Schedules</Filter>
    </ClCompile>
    <ClCompile Include="BiweeklySchedule.cpp">
      <Filter>Schedules</Filter>
    </ClCompile>
    <ClCompile Include="HourlyClassification.cpp">
      <Filter>Classification</Filter>
    </ClCompile>
    <ClCompile Include="CommissionedClassification.cpp">
      <Filter>Classification</Filter>
    </ClCompile>
    <ClCompile Include="AddCommissionedEmployee.cpp">
      <Filter>소스 파일</Filter>
    </ClCompile>
    <ClCompile Include="DeleteEmployeeTransaction.cpp">
      <Filter>Transactions</Filter>
    </ClCompile>
  </ItemGroup>
  <ItemGroup>
    <ClInclude Include="PayrollTest.h">
      <Filter>헤더 파일</Filter>
    </ClInclude>
    <ClInclude Include="PayrollDatabase.h">
      <Filter>헤더 파일</Filter>
    </ClInclude>
    <ClInclude Include="Employee.h">
      <Filter>헤더 파일</Filter>
    </ClInclude>
    <ClInclude Include="AddEmployeeTransaction.h">
      <Filter>Transactions</Filter>
    </ClInclude>
    <ClInclude Include="Transaction.h">
      <Filter>Transactions</Filter>
    </ClInclude>
    <ClInclude Include="PaymentMethod.h">
      <Filter>Methods</Filter>
    </ClInclude>
    <ClInclude Include="SalariedClassification.h">
      <Filter>Classification</Filter>
    </ClInclude>
    <ClInclude Include="PaymentClassification.h">
      <Filter>Classification</Filter>
    </ClInclude>
    <ClInclude Include="PaymentSchedule.h">
      <Filter>Schedules</Filter>
    </ClInclude>
    <ClInclude Include="MonthlySchedule.h">
      <Filter>Schedules</Filter>
    </ClInclude>
    <ClInclude Include="HoldMethod.h">
      <Filter>Methods</Filter>
    </ClInclude>
    <ClInclude Include="AddSalariedEmployee.h">
      <Filter>Transactions</Filter>
    </ClInclude>
    <ClInclude Include="AddHourlyEmployee.h">
      <Filter>Transactions</Filter>
    </ClInclude>
    <ClInclude Include="WeeklySchedule.h">
      <Filter>Schedules</Filter>
    </ClInclude>
    <ClInclude Include="BiweeklySchedule.h">
      <Filter>Schedules</Filter>
    </ClInclude>
    <ClInclude Include="HourlyClassification.h">
      <Filter>Classification</Filter>
    </ClInclude>
    <ClInclude Include="CommissionedClassification.h">
      <Filter>Classification</Filter>
    </ClInclude>
    <ClInclude Include="AddCommissionedEmployee.h">
      <Filter>헤더 파일</Filter>
    </ClInclude>
    <ClInclude Include="DeleteEmployeeTransaction.h">
      <Filter>Transactions</Filter>
    </ClInclude>
  </ItemGroup>
</Project>